
Microsoft Visual Studio Solution File, Format Version 12.00
# 
Project("{2150E333-8FDC-42A3-9474-1A3956D46DE8}") = "src", "src", "{B9AF4BAE-3BD1-489F-ABAE-14E876633D60}"
EndProject
Project("{FAE04EC0-301F-11D3-BF4B-00C04F79EFBC}") = "ApiGateway", "src\ApiGateway\ApiGateway.csproj", "{3C24DFA6-CD1C-431F-8646-4C9CBE870C23}"
EndProject
Project("{FAE04EC0-301F-11D3-BF4B-00C04F79EFBC}") = "AuthService", "src\AuthService\AuthService.csproj", "{7C2F8A79-72C6-4411-B996-9F180D31BF33}"
EndProject
Project("{FAE04EC0-301F-11D3-BF4B-00C04F79EFBC}") = "AmberTower.Auth.Contracts", "src\Contracts\AmberTower.Auth.Contracts\AmberTower.Auth.Contracts.csproj", "{A0D242EE-D6C4-44DE-9A81-4EBD976345A3}"
EndProject
Project("{FAE04EC0-301F-11D3-BF4B-00C04F79EFBC}") = "ProfileService", "src\ProfileService\ProfileService.csproj", "{244356B4-3298-49EB-8E02-975FD4036846}"
EndProject
Project("{FAE04EC0-301F-11D3-BF4B-00C04F79EFBC}") = "AmberTower.Profile.Contracts", "src\Contracts\AmberTower.Profile.Contracts\AmberTower.Profile.Contracts.csproj", "{59B3D2D6-F055-4187-87D7-C4F261A88A6C}"
EndProject
Project("{2150E333-8FDC-42A3-9474-1A3956D46DE8}") = "tests", "tests", "{F521D497-3E8F-412E-B0C3-4C27C7DA35F1}"
EndProject
Project("{FAE04EC0-301F-11D3-BF4B-00C04F79EFBC}") = "AuthService.Tests", "tests\AuthService.Tests\AuthService.Tests.csproj", "{B8B12073-9652-4E60-86FB-D558EBC58FA9}"
EndProject
Project("{FAE04EC0-301F-11D3-BF4B-00C04F79EFBC}") = "ProfileService.Tests", "tests\ProfileService.Tests\ProfileService.Tests.csproj", "{2A15D1E9-7513-40EC-9F51-91A2F8D3CD71}"
EndProject
Global
	GlobalSection(SolutionConfigurationPlatforms) = preSolution
		Debug|Any CPU = Debug|Any CPU
		Release|Any CPU = Release|Any CPU
	EndGlobalSection
	GlobalSection(ProjectConfigurationPlatforms) = postSolution
		{3C24DFA6-CD1C-431F-8646-4C9CBE870C23}.Debug|Any CPU.ActiveCfg = Debug|Any CPU
		{3C24DFA6-CD1C-431F-8646-4C9CBE870C23}.Debug|Any CPU.Build.0 = Debug|Any CPU
		{3C24DFA6-CD1C-431F-8646-4C9CBE870C23}.Release|Any CPU.ActiveCfg = Release|Any CPU
		{3C24DFA6-CD1C-431F-8646-4C9CBE870C23}.Release|Any CPU.Build.0 = Release|Any CPU
		{7C2F8A79-72C6-4411-B996-9F180D31BF33}.Debug|Any CPU.ActiveCfg = Debug|Any CPU
		{7C2F8A79-72C6-4411-B996-9F180D31BF33}.Debug|Any CPU.Build.0 = Debug|Any CPU
		{7C2F8A79-72C6-4411-B996-9F180D31BF33}.Release|Any CPU.ActiveCfg = Release|Any CPU
		{7C2F8A79-72C6-4411-B996-9F180D31BF33}.Release|Any CPU.Build.0 = Release|Any CPU
		{A0D242EE-D6C4-44DE-9A81-4EBD976345A3}.Debug|Any CPU.ActiveCfg = Debug|Any CPU
		{A0D242EE-D6C4-44DE-9A81-4EBD976345A3}.Debug|Any CPU.Build.0 = Debug|Any CPU
		{A0D242EE-D6C4-44DE-9A81-4EBD976345A3}.Release|Any CPU.ActiveCfg = Release|Any CPU
		{A0D242EE-D6C4-44DE-9A81-4EBD976345A3}.Release|Any CPU.Build.0 = Release|Any CPU
		{244356B4-3298-49EB-8E02-975FD4036846}.Debug|Any CPU.ActiveCfg = Debug|Any CPU
		{244356B4-3298-49EB-8E02-975FD4036846}.Debug|Any CPU.Build.0 = Debug|Any CPU
		{244356B4-3298-49EB-8E02-975FD4036846}.Release|Any CPU.ActiveCfg = Release|Any CPU
		{244356B4-3298-49EB-8E02-975FD4036846}.Release|Any CPU.Build.0 = Release|Any CPU
		{59B3D2D6-F055-4187-87D7-C4F261A88A6C}.Debug|Any CPU.ActiveCfg = Debug|Any CPU
		{59B3D2D6-F055-4187-87D7-C4F261A88A6C}.Debug|Any CPU.Build.0 = Debug|Any CPU
		{59B3D2D6-F055-4187-87D7-C4F261A88A6C}.Release|Any CPU.ActiveCfg = Release|Any CPU
		{59B3D2D6-F055-4187-87D7-C4F261A88A6C}.Release|Any CPU.Build.0 = Release|Any CPU
		{B8B12073-9652-4E60-86FB-D558EBC58FA9}.Debug|Any CPU.ActiveCfg = Debug|Any CPU
		{B8B12073-9652-4E60-86FB-D558EBC58FA9}.Debug|Any CPU.Build.0 = Debug|Any CPU
		{B8B12073-9652-4E60-86FB-D558EBC58FA9}.Release|Any CPU.ActiveCfg = Release|Any CPU
		{B8B12073-9652-4E60-86FB-D558EBC58FA9}.Release|Any CPU.Build.0 = Release|Any CPU
		{2A15D1E9-7513-40EC-9F51-91A2F8D3CD71}.Debug|Any CPU.ActiveCfg = Debug|Any CPU
		{2A15D1E9-7513-40EC-9F51-91A2F8D3CD71}.Debug|Any CPU.Build.0 = Debug|Any CPU
		{2A15D1E9-7513-40EC-9F51-91A2F8D3CD71}.Release|Any CPU.ActiveCfg = Release|Any CPU
		{2A15D1E9-7513-40EC-9F51-91A2F8D3CD71}.Release|Any CPU.Build.0 = Release|Any CPU
	EndGlobalSection
	GlobalSection(NestedProjects) = preSolution
		{3C24DFA6-CD1C-431F-8646-4C9CBE870C23} = {B9AF4BAE-3BD1-489F-ABAE-14E876633D60}
		{7C2F8A79-72C6-4411-B996-9F180D31BF33} = {B9AF4BAE-3BD1-489F-ABAE-14E876633D60}
		{A0D242EE-D6C4-44DE-9A81-4EBD976345A3} = {B9AF4BAE-3BD1-489F-ABAE-14E876633D60}
		{244356B4-3298-49EB-8E02-975FD4036846} = {B9AF4BAE-3BD1-489F-ABAE-14E876633D60}
		{59B3D2D6-F055-4187-87D7-C4F261A88A6C} = {B9AF4BAE-3BD1-489F-ABAE-14E876633D60}
		{B8B12073-9652-4E60-86FB-D558EBC58FA9} = {F521D497-3E8F-412E-B0C3-4C27C7DA35F1}
		{2A15D1E9-7513-40EC-9F51-91A2F8D3CD71} = {F521D497-3E8F-412E-B0C3-4C27C7DA35F1}
	EndGlobalSection
EndGlobal
